
Microsoft Visual Studio Solution File, Format Version 12.00
# Visual Studio Version 16
VisualStudioVersion = 16.0.30413.136
MinimumVisualStudioVersion = 10.0.40219.1
Project("{9A19103F-16F7-4668-BE54-9A1E7A4F7556}") = "Sodexo_JTH", "Sodexo_JTH\Sodexo_JTH\Sodexo_JTH.csproj", "{53F094C4-CFBA-4578-8539-32225EC70929}"
EndProject
Project("{FAE04EC0-301F-11D3-BF4B-00C04F79EFBC}") = "Sodexo_JTH.Android", "Sodexo_JTH\Sodexo_JTH.Android\Sodexo_JTH.Android.csproj", "{F58A2F1F-5CC2-4E43-9218-9267281F8DBD}"
EndProject
Project("{FAE04EC0-301F-11D3-BF4B-00C04F79EFBC}") = "Sodexo_JTH.iOS", "Sodexo_JTH\Sodexo_JTH.iOS\Sodexo_JTH.iOS.csproj", "{F12A2820-7FF0-4C48-8E68-743D986713D1}"
EndProject
Project("{FAE04EC0-301F-11D3-BF4B-00C04F79EFBC}") = "Sodexo_JTH.UWP", "Sodexo_JTH\Sodexo_JTH.UWP\Sodexo_JTH.UWP.csproj", "{C5398A6E-BF2C-449E-A357-4B4359E8971D}"
EndProject
Global
	GlobalSection(SolutionConfigurationPlatforms) = preSolution
		Ad-Hoc|Any CPU = Ad-Hoc|Any CPU
		Ad-Hoc|ARM = Ad-Hoc|ARM
		Ad-Hoc|iPhone = Ad-Hoc|iPhone
		Ad-Hoc|iPhoneSimulator = Ad-Hoc|iPhoneSimulator
		Ad-Hoc|x64 = Ad-Hoc|x64
		Ad-Hoc|x86 = Ad-Hoc|x86
		AppStore|Any CPU = AppStore|Any CPU
		AppStore|ARM = AppStore|ARM
		AppStore|iPhone = AppStore|iPhone
		AppStore|iPhoneSimulator = AppStore|iPhoneSimulator
		AppStore|x64 = AppStore|x64
		AppStore|x86 = AppStore|x86
		Debug|Any CPU = Debug|Any CPU
		Debug|ARM = Debug|ARM
		Debug|iPhone = Debug|iPhone
		Debug|iPhoneSimulator = Debug|iPhoneSimulator
		Debug|x64 = Debug|x64
		Debug|x86 = Debug|x86
		Release|Any CPU = Release|Any CPU
		Release|ARM = Release|ARM
		Release|iPhone = Release|iPhone
		Release|iPhoneSimulator = Release|iPhoneSimulator
		Release|x64 = Release|x64
		Release|x86 = Release|x86
	EndGlobalSection
	GlobalSection(ProjectConfigurationPlatforms) = postSolution
		{53F094C4-CFBA-4578-8539-32225EC70929}.Ad-Hoc|Any CPU.ActiveCfg = Debug|Any CPU
		{53F094C4-CFBA-4578-8539-32225EC70929}.Ad-Hoc|Any CPU.Build.0 = Debug|Any CPU
		{53F094C4-CFBA-4578-8539-32225EC70929}.Ad-Hoc|ARM.ActiveCfg = Debug|Any CPU
		{53F094C4-CFBA-4578-8539-32225EC70929}.Ad-Hoc|ARM.Build.0 = Debug|Any CPU
		{53F094C4-CFBA-4578-8539-32225EC70929}.Ad-Hoc|iPhone.ActiveCfg = Debug|Any CPU
		{53F094C4-CFBA-4578-8539-32225EC70929}.Ad-Hoc|iPhone.Build.0 = Debug|Any CPU
		{53F094C4-CFBA-4578-8539-32225EC70929}.Ad-Hoc|iPhoneSimulator.ActiveCfg = Debug|Any CPU
		{53F094C4-CFBA-4578-8539-32225EC70929}.Ad-Hoc|iPhoneSimulator.Build.0 = Debug|Any CPU
		{53F094C4-CFBA-4578-8539-32225EC70929}.Ad-Hoc|x64.ActiveCfg = Debug|Any CPU
		{53F094C4-CFBA-4578-8539-32225EC70929}.Ad-Hoc|x64.Build.0 = Debug|Any CPU
		{53F094C4-CFBA-4578-8539-32225EC70929}.Ad-Hoc|x86.ActiveCfg = Debug|Any CPU
		{53F094C4-CFBA-4578-8539-32225EC70929}.Ad-Hoc|x86.Build.0 = Debug|Any CPU
		{53F094C4-CFBA-4578-8539-32225EC70929}.AppStore|Any CPU.ActiveCfg = Debug|Any CPU
		{53F094C4-CFBA-4578-8539-32225EC70929}.AppStore|Any CPU.Build.0 = Debug|Any CPU
		{53F094C4-CFBA-4578-8539-32225EC70929}.AppStore|ARM.ActiveCfg = Debug|Any CPU
		{53F094C4-CFBA-4578-8539-32225EC70929}.AppStore|ARM.Build.0 = Debug|Any CPU
		{53F094C4-CFBA-4578-8539-32225EC70929}.AppStore|iPhone.ActiveCfg = Debug|Any CPU
		{53F094C4-CFBA-4578-8539-32225EC70929}.AppStore|iPhone.Build.0 = Debug|Any CPU
		{53F094C4-CFBA-4578-8539-32225EC70929}.AppStore|iPhoneSimulator.ActiveCfg = Debug|Any CPU
		{53F094C4-CFBA-4578-8539-32225EC70929}.AppStore|iPhoneSimulator.Build.0 = Debug|Any CPU
		{53F094C4-CFBA-4578-8539-32225EC70929}.AppStore|x64.ActiveCfg = Debug|Any CPU
		{53F094C4-CFBA-4578-8539-32225EC70929}.AppStore|x64.Build.0 = Debug|Any CPU
		{53F094C4-CFBA-4578-8539-32225EC70929}.AppStore|x86.ActiveCfg = Debug|Any CPU
		{53F094C4-CFBA-4578-8539-32225EC70929}.AppStore|x86.Build.0 = Debug|Any CPU
		{53F094C4-CFBA-4578-8539-32225EC70929}.Debug|Any CPU.ActiveCfg = Debug|Any CPU
		{53F094C4-CFBA-4578-8539-32225EC70929}.Debug|Any CPU.Build.0 = Debug|Any CPU
		{53F094C4-CFBA-4578-8539-32225EC70929}.Debug|ARM.ActiveCfg = Debug|Any CPU
		{53F094C4-CFBA-4578-8539-32225EC70929}.Debug|ARM.Build.0 = Debug|Any CPU
		{53F094C4-CFBA-4578-8539-32225EC70929}.Debug|iPhone.ActiveCfg = Debug|Any CPU
		{53F094C4-CFBA-4578-8539-32225EC70929}.Debug|iPhone.Build.0 = Debug|Any CPU
		{53F094C4-CFBA-4578-8539-32225EC70929}.Debug|iPhoneSimulator.ActiveCfg = Debug|Any CPU
		{53F094C4-CFBA-4578-8539-32225EC70929}.Debug|iPhoneSimulator.Build.0 = Debug|Any CPU
		{53F094C4-CFBA-4578-8539-32225EC70929}.Debug|x64.ActiveCfg = Debug|Any CPU
		{53F094C4-CFBA-4578-8539-32225EC70929}.Debug|x64.Build.0 = Debug|Any CPU
		{53F094C4-CFBA-4578-8539-32225EC70929}.Debug|x86.ActiveCfg = Debug|Any CPU
		{53F094C4-CFBA-4578-8539-32225EC70929}.Debug|x86.Build.0 = Debug|Any CPU
		{53F094C4-CFBA-4578-8539-32225EC70929}.Release|Any CPU.ActiveCfg = Release|Any CPU
		{53F094C4-CFBA-4578-8539-32225EC70929}.Release|Any CPU.Build.0 = Release|Any CPU
		{53F094C4-CFBA-4578-8539-32225EC70929}.Release|ARM.ActiveCfg = Release|Any CPU
		{53F094C4-CFBA-4578-8539-32225EC70929}.Release|ARM.Build.0 = Release|Any CPU
		{53F094C4-CFBA-4578-8539-32225EC70929}.Release|iPhone.ActiveCfg = Release|Any CPU
		{53F094C4-CFBA-4578-8539-32225EC70929}.Release|iPhone.Build.0 = Release|Any CPU
		{53F094C4-CFBA-4578-8539-32225EC70929}.Release|iPhoneSimulator.ActiveCfg = Release|Any CPU
		{53F094C4-CFBA-4578-8539-32225EC70929}.Release|iPhoneSimulator.Build.0 = Release|Any CPU
		{53F094C4-CFBA-4578-8539-32225EC70929}.Release|x64.ActiveCfg = Release|Any CPU
		{53F094C4-CFBA-4578-8539-32225EC70929}.Release|x64.Build.0 = Release|Any CPU
		{53F094C4-CFBA-4578-8539-32225EC70929}.Release|x86.ActiveCfg = Release|Any CPU
		{53F094C4-CFBA-4578-8539-32225EC70929}.Release|x86.Build.0 = Release|Any CPU
		{F58A2F1F-5CC2-4E43-9218-9267281F8DBD}.Ad-Hoc|Any CPU.ActiveCfg = Release|Any CPU
		{F58A2F1F-5CC2-4E43-9218-9267281F8DBD}.Ad-Hoc|Any CPU.Build.0 = Release|Any CPU
		{F58A2F1F-5CC2-4E43-9218-9267281F8DBD}.Ad-Hoc|Any CPU.Deploy.0 = Release|Any CPU
		{F58A2F1F-5CC2-4E43-9218-9267281F8DBD}.Ad-Hoc|ARM.ActiveCfg = Release|Any CPU
		{F58A2F1F-5CC2-4E43-9218-9267281F8DBD}.Ad-Hoc|ARM.Build.0 = Release|Any CPU
		{F58A2F1F-5CC2-4E43-9218-9267281F8DBD}.Ad-Hoc|ARM.Deploy.0 = Release|Any CPU
		{F58A2F1F-5CC2-4E43-9218-9267281F8DBD}.Ad-Hoc|iPhone.ActiveCfg = Release|Any CPU
		{F58A2F1F-5CC2-4E43-9218-9267281F8DBD}.Ad-Hoc|iPhone.Build.0 = Release|Any CPU
		{F58A2F1F-5CC2-4E43-9218-9267281F8DBD}.Ad-Hoc|iPhone.Deploy.0 = Release|Any CPU
		{F58A2F1F-5CC2-4E43-9218-9267281F8DBD}.Ad-Hoc|iPhoneSimulator.ActiveCfg = Release|Any CPU
		{F58A2F1F-5CC2-4E43-9218-9267281F8DBD}.Ad-Hoc|iPhoneSimulator.Build.0 = Release|Any CPU
		{F58A2F1F-5CC2-4E43-9218-9267281F8DBD}.Ad-Hoc|iPhoneSimulator.Deploy.0 = Release|Any CPU
		{F58A2F1F-5CC2-4E43-9218-9267281F8DBD}.Ad-Hoc|x64.ActiveCfg = Release|Any CPU
		{F58A2F1F-5CC2-4E43-9218-9267281F8DBD}.Ad-Hoc|x64.Build.0 = Release|Any CPU
		{F58A2F1F-5CC2-4E43-9218-9267281F8DBD}.Ad-Hoc|x64.Deploy.0 = Release|Any CPU
		{F58A2F1F-5CC2-4E43-9218-9267281F8DBD}.Ad-Hoc|x86.ActiveCfg = Release|Any CPU
		{F58A2F1F-5CC2-4E43-9218-9267281F8DBD}.Ad-Hoc|x86.Build.0 = Release|Any CPU
		{F58A2F1F-5CC2-4E43-9218-9267281F8DBD}.Ad-Hoc|x86.Deploy.0 = Release|Any CPU
		{F58A2F1F-5CC2-4E43-9218-9267281F8DBD}.AppStore|Any CPU.ActiveCfg = Release|Any CPU
		{F58A2F1F-5CC2-4E43-9218-9267281F8DBD}.AppStore|Any CPU.Build.0 = Release|Any CPU
		{F58A2F1F-5CC2-4E43-9218-9267281F8DBD}.AppStore|Any CPU.Deploy.0 = Release|Any CPU
		{F58A2F1F-5CC2-4E43-9218-9267281F8DBD}.AppStore|ARM.ActiveCfg = Release|Any CPU
		{F58A2F1F-5CC2-4E43-9218-9267281F8DBD}.AppStore|ARM.Build.0 = Release|Any CPU
		{F58A2F1F-5CC2-4E43-9218-9267281F8DBD}.AppStore|ARM.Deploy.0 = Release|Any CPU
		{F58A2F1F-5CC2-4E43-9218-9267281F8DBD}.AppStore|iPhone.ActiveCfg = Release|Any CPU
		{F58A2F1F-5CC2-4E43-9218-9267281F8DBD}.AppStore|iPhone.Build.0 = Release|Any CPU
		{F58A2F1F-5CC2-4E43-9218-9267281F8DBD}.AppStore|iPhone.Deploy.0 = Release|Any CPU
		{F58A2F1F-5CC2-4E43-9218-9267281F8DBD}.AppStore|iPhoneSimulator.ActiveCfg = Release|Any CPU
		{F58A2F1F-5CC2-4E43-9218-9267281F8DBD}.AppStore|iPhoneSimulator.Build.0 = Release|Any CPU
		{F58A2F1F-5CC2-4E43-9218-9267281F8DBD}.AppStore|iPhoneSimulator.Deploy.0 = Release|Any CPU
		{F58A2F1F-5CC2-4E43-9218-9267281F8DBD}.AppStore|x64.ActiveCfg = Release|Any CPU
		{F58A2F1F-5CC2-4E43-9218-9267281F8DBD}.AppStore|x64.Build.0 = Release|Any CPU
		{F58A2F1F-5CC2-4E43-9218-9267281F8DBD}.AppStore|x64.Deploy.0 = Release|Any CPU
		{F58A2F1F-5CC2-4E43-9218-9267281F8DBD}.AppStore|x86.ActiveCfg = Release|Any CPU
		{F58A2F1F-5CC2-4E43-9218-9267281F8DBD}.AppStore|x86.Build.0 = Release|Any CPU
		{F58A2F1F-5CC2-4E43-9218-9267281F8DBD}.AppStore|x86.Deploy.0 = Release|Any CPU
		{F58A2F1F-5CC2-4E43-9218-9267281F8DBD}.Debug|Any CPU.ActiveCfg = Debug|Any CPU
		{F58A2F1F-5CC2-4E43-9218-9267281F8DBD}.Debug|Any CPU.Build.0 = Debug|Any CPU
		{F58A2F1F-5CC2-4E43-9218-9267281F8DBD}.Debug|Any CPU.Deploy.0 = Debug|Any CPU
		{F58A2F1F-5CC2-4E43-9218-9267281F8DBD}.Debug|ARM.ActiveCfg = Debug|Any CPU
		{F58A2F1F-5CC2-4E43-9218-9267281F8DBD}.Debug|ARM.Build.0 = Debug|Any CPU
		{F58A2F1F-5CC2-4E43-9218-9267281F8DBD}.Debug|ARM.Deploy.0 = Debug|Any CPU
		{F58A2F1F-5CC2-4E43-9218-9267281F8DBD}.Debug|iPhone.ActiveCfg = Debug|Any CPU
		{F58A2F1F-5CC2-4E43-9218-9267281F8DBD}.Debug|iPhone.Build.0 = Debug|Any CPU
		{F58A2F1F-5CC2-4E43-9218-9267281F8DBD}.Debug|iPhone.Deploy.0 = Debug|Any CPU
		{F58A2F1F-5CC2-4E43-9218-9267281F8DBD}.Debug|iPhoneSimulator.ActiveCfg = Debug|Any CPU
		{F58A2F1F-5CC2-4E43-9218-9267281F8DBD}.Debug|iPhoneSimulator.Build.0 = Debug|Any CPU
		{F58A2F1F-5CC2-4E43-9218-9267281F8DBD}.Debug|iPhoneSimulator.Deploy.0 = Debug|Any CPU
		{F58A2F1F-5CC2-4E43-9218-9267281F8DBD}.Debug|x64.ActiveCfg = Debug|Any CPU
		{F58A2F1F-5CC2-4E43-9218-9267281F8DBD}.Debug|x64.Build.0 = Debug|Any CPU
		{F58A2F1F-5CC2-4E43-9218-9267281F8DBD}.Debug|x64.Deploy.0 = Debug|Any CPU
		{F58A2F1F-5CC2-4E43-9218-9267281F8DBD}.Debug|x86.ActiveCfg = Debug|Any CPU
		{F58A2F1F-5CC2-4E43-9218-9267281F8DBD}.Debug|x86.Build.0 = Debug|Any CPU
		{F58A2F1F-5CC2-4E43-9218-9267281F8DBD}.Debug|x86.Deploy.0 = Debug|Any CPU
		{F58A2F1F-5CC2-4E43-9218-9267281F8DBD}.Release|Any CPU.ActiveCfg = Release|Any CPU
		{F58A2F1F-5CC2-4E43-9218-9267281F8DBD}.Release|Any CPU.Build.0 = Release|Any CPU
		{F58A2F1F-5CC2-4E43-9218-9267281F8DBD}.Release|Any CPU.Deploy.0 = Release|Any CPU
		{F58A2F1F-5CC2-4E43-9218-9267281F8DBD}.Release|ARM.ActiveCfg = Release|Any CPU
		{F58A2F1F-5CC2-4E43-9218-9267281F8DBD}.Release|ARM.Build.0 = Release|Any CPU
		{F58A2F1F-5CC2-4E43-9218-9267281F8DBD}.Release|ARM.Deploy.0 = Release|Any CPU
		{F58A2F1F-5CC2-4E43-9218-9267281F8DBD}.Release|iPhone.ActiveCfg = Release|Any CPU
		{F58A2F1F-5CC2-4E43-9218-9267281F8DBD}.Release|iPhone.Build.0 = Release|Any CPU
		{F58A2F1F-5CC2-4E43-9218-9267281F8DBD}.Release|iPhone.Deploy.0 = Release|Any CPU
		{F58A2F1F-5CC2-4E43-9218-9267281F8DBD}.Release|iPhoneSimulator.ActiveCfg = Release|Any CPU
		{F58A2F1F-5CC2-4E43-9218-9267281F8DBD}.Release|iPhoneSimulator.Build.0 = Release|Any CPU
		{F58A2F1F-5CC2-4E43-9218-9267281F8DBD}.Release|iPhoneSimulator.Deploy.0 = Release|Any CPU
		{F58A2F1F-5CC2-4E43-9218-9267281F8DBD}.Release|x64.ActiveCfg = Release|Any CPU
		{F58A2F1F-5CC2-4E43-9218-9267281F8DBD}.Release|x64.Build.0 = Release|Any CPU
		{F58A2F1F-5CC2-4E43-9218-9267281F8DBD}.Release|x64.Deploy.0 = Release|Any CPU
		{F58A2F1F-5CC2-4E43-9218-9267281F8DBD}.Release|x86.ActiveCfg = Release|Any CPU
		{F58A2F1F-5CC2-4E43-9218-9267281F8DBD}.Release|x86.Build.0 = Release|Any CPU
		{F58A2F1F-5CC2-4E43-9218-9267281F8DBD}.Release|x86.Deploy.0 = Release|Any CPU
		{F12A2820-7FF0-4C48-8E68-743D986713D1}.Ad-Hoc|Any CPU.ActiveCfg = Ad-Hoc|iPhone
		{F12A2820-7FF0-4C48-8E68-743D986713D1}.Ad-Hoc|ARM.ActiveCfg = Ad-Hoc|iPhone
		{F12A2820-7FF0-4C48-8E68-743D986713D1}.Ad-Hoc|iPhone.ActiveCfg = Ad-Hoc|iPhone
		{F12A2820-7FF0-4C48-8E68-743D986713D1}.Ad-Hoc|iPhone.Build.0 = Ad-Hoc|iPhone
		{F12A2820-7FF0-4C48-8E68-743D986713D1}.Ad-Hoc|iPhoneSimulator.ActiveCfg = Ad-Hoc|iPhoneSimulator
		{F12A2820-7FF0-4C48-8E68-743D986713D1}.Ad-Hoc|iPhoneSimulator.Build.0 = Ad-Hoc|iPhoneSimulator
		{F12A2820-7FF0-4C48-8E68-743D986713D1}.Ad-Hoc|x64.ActiveCfg = Ad-Hoc|iPhone
		{F12A2820-7FF0-4C48-8E68-743D986713D1}.Ad-Hoc|x86.ActiveCfg = Ad-Hoc|iPhone
		{F12A2820-7FF0-4C48-8E68-743D986713D1}.AppStore|Any CPU.ActiveCfg = AppStore|iPhone
		{F12A2820-7FF0-4C48-8E68-743D986713D1}.AppStore|ARM.ActiveCfg = AppStore|iPhone
		{F12A2820-7FF0-4C48-8E68-743D986713D1}.AppStore|iPhone.ActiveCfg = AppStore|iPhone
		{F12A2820-7FF0-4C48-8E68-743D986713D1}.AppStore|iPhone.Build.0 = AppStore|iPhone
		{F12A2820-7FF0-4C48-8E68-743D986713D1}.AppStore|iPhoneSimulator.ActiveCfg = AppStore|iPhoneSimulator
		{F12A2820-7FF0-4C48-8E68-743D986713D1}.AppStore|iPhoneSimulator.Build.0 = AppStore|iPhoneSimulator
		{F12A2820-7FF0-4C48-8E68-743D986713D1}.AppStore|x64.ActiveCfg = AppStore|iPhone
		{F12A2820-7FF0-4C48-8E68-743D986713D1}.AppStore|x86.ActiveCfg = AppStore|iPhone
		{F12A2820-7FF0-4C48-8E68-743D986713D1}.Debug|Any CPU.ActiveCfg = Debug|iPhone
		{F12A2820-7FF0-4C48-8E68-743D986713D1}.Debug|Any CPU.Build.0 = Debug|iPhone
		{F12A2820-7FF0-4C48-8E68-743D986713D1}.Debug|ARM.ActiveCfg = Debug|iPhone
		{F12A2820-7FF0-4C48-8E68-743D986713D1}.Debug|iPhone.ActiveCfg = Debug|iPhone
		{F12A2820-7FF0-4C48-8E68-743D986713D1}.Debug|iPhone.Build.0 = Debug|iPhone
		{F12A2820-7FF0-4C48-8E68-743D986713D1}.Debug|iPhoneSimulator.ActiveCfg = Debug|iPhoneSimulator
		{F12A2820-7FF0-4C48-8E68-743D986713D1}.Debug|iPhoneSimulator.Build.0 = Debug|iPhoneSimulator
		{F12A2820-7FF0-4C48-8E68-743D986713D1}.Debug|x64.ActiveCfg = Debug|iPhone
		{F12A2820-7FF0-4C48-8E68-743D986713D1}.Debug|x86.ActiveCfg = Debug|iPhone
		{F12A2820-7FF0-4C48-8E68-743D986713D1}.Release|Any CPU.ActiveCfg = Release|iPhone
		{F12A2820-7FF0-4C48-8E68-743D986713D1}.Release|ARM.ActiveCfg = Release|iPhone
		{F12A2820-7FF0-4C48-8E68-743D986713D1}.Release|iPhone.ActiveCfg = Release|iPhone
		{F12A2820-7FF0-4C48-8E68-743D986713D1}.Release|iPhone.Build.0 = Release|iPhone
		{F12A2820-7FF0-4C48-8E68-743D986713D1}.Release|iPhoneSimulator.ActiveCfg = Release|iPhoneSimulator
		{F12A2820-7FF0-4C48-8E68-743D986713D1}.Release|iPhoneSimulator.Build.0 = Release|iPhoneSimulator
		{F12A2820-7FF0-4C48-8E68-743D986713D1}.Release|x64.ActiveCfg = Release|iPhone
		{F12A2820-7FF0-4C48-8E68-743D986713D1}.Release|x86.ActiveCfg = Release|iPhone
		{C5398A6E-BF2C-449E-A357-4B4359E8971D}.Ad-Hoc|Any CPU.ActiveCfg = Release|x86
		{C5398A6E-BF2C-449E-A357-4B4359E8971D}.Ad-Hoc|Any CPU.Build.0 = Release|x86
		{C5398A6E-BF2C-449E-A357-4B4359E8971D}.Ad-Hoc|Any CPU.Deploy.0 = Release|x86
		{C5398A6E-BF2C-449E-A357-4B4359E8971D}.Ad-Hoc|ARM.ActiveCfg = Release|ARM
		{C5398A6E-BF2C-449E-A357-4B4359E8971D}.Ad-Hoc|ARM.Build.0 = Release|ARM
		{C5398A6E-BF2C-449E-A357-4B4359E8971D}.Ad-Hoc|ARM.Deploy.0 = Release|ARM
		{C5398A6E-BF2C-449E-A357-4B4359E8971D}.Ad-Hoc|iPhone.ActiveCfg = Release|x86
		{C5398A6E-BF2C-449E-A357-4B4359E8971D}.Ad-Hoc|iPhone.Build.0 = Release|x86
		{C5398A6E-BF2C-449E-A357-4B4359E8971D}.Ad-Hoc|iPhone.Deploy.0 = Release|x86
		{C5398A6E-BF2C-449E-A357-4B4359E8971D}.Ad-Hoc|iPhoneSimulator.ActiveCfg = Release|x86
		{C5398A6E-BF2C-449E-A357-4B4359E8971D}.Ad-Hoc|iPhoneSimulator.Build.0 = Release|x86
		{C5398A6E-BF2C-449E-A357-4B4359E8971D}.Ad-Hoc|iPhoneSimulator.Deploy.0 = Release|x86
		{C5398A6E-BF2C-449E-A357-4B4359E8971D}.Ad-Hoc|x64.ActiveCfg = Release|x64
		{C5398A6E-BF2C-449E-A357-4B4359E8971D}.Ad-Hoc|x64.Build.0 = Release|x64
		{C5398A6E-BF2C-449E-A357-4B4359E8971D}.Ad-Hoc|x64.Deploy.0 = Release|x64
		{C5398A6E-BF2C-449E-A357-4B4359E8971D}.Ad-Hoc|x86.ActiveCfg = Release|x86
		{C5398A6E-BF2C-449E-A357-4B4359E8971D}.Ad-Hoc|x86.Build.0 = Release|x86
		{C5398A6E-BF2C-449E-A357-4B4359E8971D}.Ad-Hoc|x86.Deploy.0 = Release|x86
		{C5398A6E-BF2C-449E-A357-4B4359E8971D}.AppStore|Any CPU.ActiveCfg = Release|x86
		{C5398A6E-BF2C-449E-A357-4B4359E8971D}.AppStore|Any CPU.Build.0 = Release|x86
		{C5398A6E-BF2C-449E-A357-4B4359E8971D}.AppStore|Any CPU.Deploy.0 = Release|x86
		{C5398A6E-BF2C-449E-A357-4B4359E8971D}.AppStore|ARM.ActiveCfg = Release|ARM
		{C5398A6E-BF2C-449E-A357-4B4359E8971D}.AppStore|ARM.Build.0 = Release|ARM
		{C5398A6E-BF2C-449E-A357-4B4359E8971D}.AppStore|ARM.Deploy.0 = Release|ARM
		{C5398A6E-BF2C-449E-A357-4B4359E8971D}.AppStore|iPhone.ActiveCfg = Release|x86
		{C5398A6E-BF2C-449E-A357-4B4359E8971D}.AppStore|iPhone.Build.0 = Release|x86
		{C5398A6E-BF2C-449E-A357-4B4359E8971D}.AppStore|iPhone.Deploy.0 = Release|x86
		{C5398A6E-BF2C-449E-A357-4B4359E8971D}.AppStore|iPhoneSimulator.ActiveCfg = Release|x86
		{C5398A6E-BF2C-449E-A357-4B4359E8971D}.AppStore|iPhoneSimulator.Build.0 = Release|x86
		{C5398A6E-BF2C-449E-A357-4B4359E8971D}.AppStore|iPhoneSimulator.Deploy.0 = Release|x86
		{C5398A6E-BF2C-449E-A357-4B4359E8971D}.AppStore|x64.ActiveCfg = Release|x64
		{C5398A6E-BF2C-449E-A357-4B4359E8971D}.AppStore|x64.Build.0 = Release|x64
		{C5398A6E-BF2C-449E-A357-4B4359E8971D}.AppStore|x64.Deploy.0 = Release|x64
		{C5398A6E-BF2C-449E-A357-4B4359E8971D}.AppStore|x86.ActiveCfg = Release|x86
		{C5398A6E-BF2C-449E-A357-4B4359E8971D}.AppStore|x86.Build.0 = Release|x86
		{C5398A6E-BF2C-449E-A357-4B4359E8971D}.AppStore|x86.Deploy.0 = Release|x86
		{C5398A6E-BF2C-449E-A357-4B4359E8971D}.Debug|Any CPU.ActiveCfg = Debug|x86
		{C5398A6E-BF2C-449E-A357-4B4359E8971D}.Debug|Any CPU.Build.0 = Debug|x86
		{C5398A6E-BF2C-449E-A357-4B4359E8971D}.Debug|Any CPU.Deploy.0 = Debug|x86
		{C5398A6E-BF2C-449E-A357-4B4359E8971D}.Debug|ARM.ActiveCfg = Debug|ARM
		{C5398A6E-BF2C-449E-A357-4B4359E8971D}.Debug|ARM.Build.0 = Debug|ARM
		{C5398A6E-BF2C-449E-A357-4B4359E8971D}.Debug|ARM.Deploy.0 = Debug|ARM
		{C5398A6E-BF2C-449E-A357-4B4359E8971D}.Debug|iPhone.ActiveCfg = Debug|x86
		{C5398A6E-BF2C-449E-A357-4B4359E8971D}.Debug|iPhoneSimulator.ActiveCfg = Debug|x86
		{C5398A6E-BF2C-449E-A357-4B4359E8971D}.Debug|x64.ActiveCfg = Debug|x64
		{C5398A6E-BF2C-449E-A357-4B4359E8971D}.Debug|x64.Build.0 = Debug|x64
		{C5398A6E-BF2C-449E-A357-4B4359E8971D}.Debug|x64.Deploy.0 = Debug|x64
		{C5398A6E-BF2C-449E-A357-4B4359E8971D}.Debug|x86.ActiveCfg = Debug|x86
		{C5398A6E-BF2C-449E-A357-4B4359E8971D}.Debug|x86.Build.0 = Debug|x86
		{C5398A6E-BF2C-449E-A357-4B4359E8971D}.Debug|x86.Deploy.0 = Debug|x86
		{C5398A6E-BF2C-449E-A357-4B4359E8971D}.Release|Any CPU.ActiveCfg = Release|x86
		{C5398A6E-BF2C-449E-A357-4B4359E8971D}.Release|ARM.ActiveCfg = Release|ARM
		{C5398A6E-BF2C-449E-A357-4B4359E8971D}.Release|ARM.Build.0 = Release|ARM
		{C5398A6E-BF2C-449E-A357-4B4359E8971D}.Release|ARM.Deploy.0 = Release|ARM
		{C5398A6E-BF2C-449E-A357-4B4359E8971D}.Release|iPhone.ActiveCfg = Release|x86
		{C5398A6E-BF2C-449E-A357-4B4359E8971D}.Release|iPhoneSimulator.ActiveCfg = Release|x86
		{C5398A6E-BF2C-449E-A357-4B4359E8971D}.Release|x64.ActiveCfg = Release|x64
		{C5398A6E-BF2C-449E-A357-4B4359E8971D}.Release|x64.Build.0 = Release|x64
		{C5398A6E-BF2C-449E-A357-4B4359E8971D}.Release|x64.Deploy.0 = Release|x64
		{C5398A6E-BF2C-449E-A357-4B4359E8971D}.Release|x86.ActiveCfg = Release|x86
		{C5398A6E-BF2C-449E-A357-4B4359E8971D}.Release|x86.Build.0 = Release|x86
		{C5398A6E-BF2C-449E-A357-4B4359E8971D}.Release|x86.Deploy.0 = Release|x86
	EndGlobalSection
	GlobalSection(SolutionProperties) = preSolution
		HideSolutionNode = FALSE
	EndGlobalSection
	GlobalSection(ExtensibilityGlobals) = postSolution
		SolutionGuid = {059E5861-5A02-44CC-BC0F-5B3991C429F9}
	EndGlobalSection
EndGlobal
